
Microsoft Visual Studio Solution File, Format Version 12.00
# Visual Studio Version 17
VisualStudioVersion = 17.6.33815.320
MinimumVisualStudioVersion = 10.0.40219.1
Project("{FAE04EC0-301F-11D3-BF4B-00C04F79EFBC}") = "ManagerCameras", "ManagerCameras\ManagerCameras.csproj", "{BBC1247D-0E05-4FC2-84B5-5F0F232548F2}"
EndProject
Global
	GlobalSection(SolutionConfigurationPlatforms) = preSolution
		Debug|Any CPU = Debug|Any CPU
		Release|Any CPU = Release|Any CPU
	EndGlobalSection
	GlobalSection(ProjectConfigurationPlatforms) = postSolution
		{BBC1247D-0E05-4FC2-84B5-5F0F232548F2}.Debug|Any CPU.ActiveCfg = Debug|Any CPU
		{BBC1247D-0E05-4FC2-84B5-5F0F232548F2}.Debug|Any CPU.Build.0 = Debug|Any CPU
		{BBC1247D-0E05-4FC2-84B5-5F0F232548F2}.Release|Any CPU.ActiveCfg = Release|Any CPU
		{BBC1247D-0E05-4FC2-84B5-5F0F232548F2}.Release|Any CPU.Build.0 = Release|Any CPU
	EndGlobalSection
	GlobalSection(SolutionProperties) = preSolution
		HideSolutionNode = FALSE
	EndGlobalSection
	GlobalSection(ExtensibilityGlobals) = postSolution
		SolutionGuid = {5A58D317-11AB-4792-98B9-CE92992C0D64}
	EndGlobalSection
EndGlobal
